{
  "name": "@openeuler/agent-vllm-benchmark",
  "version": "0.1.0",
  "lockfileVersion": 3,
  "requires": true,
  "packages": {
    "": {
      "name": "@openeuler/agent-vllm-benchmark",
      "version": "0.1.0",
      "license": "MIT",
      "dependencies": {
        "jsonc-parser": "^3.3.1"
      },
      "bin": {
        "vllm-benchmark": "bin/vllm-benchmark.mjs",
        "vllm-benchmark-configure": "bin/configure.mjs",
        "vllm-benchmark-setup": "bin/vllm-benchmark-setup.mjs"
      },
      "engines": {
        "node": ">=20.0.0"
      }
    },
    "node_modules/jsonc-parser": {
      "version": "3.3.1",
      "resolved": "https://registry.npmjs.org/jsonc-parser/-/jsonc-parser-3.3.1.tgz",
      "integrity": "sha512-HUgH65KyejrUFPvHFPbqOY0rsFip3Bo5wb4ngvdi1EpCYWUQDC5V+Y7mZws+DLkr4M//zQJoanu1SP+87Dv1oQ==",
      "license": "MIT"
    }
  }
}
